
Microsoft Visual Studio Solution File, Format Version 12.00
Project("{FAE04EC0-301F-11D3-BF4B-00C04F79EFBC}") = "WebApplication", "WebApplication\WebApplication.csproj", "{E3902FD0-9C19-486D-B422-610B51B06031}"
EndProject
Project("{FAE04EC0-301F-11D3-BF4B-00C04F79EFBC}") = "WebApplicationTests", "WebApplicationTests\WebApplicationTests.csproj", "{FF11611E-998B-4B04-974E-36FB101C1575}"
EndProject
Global
	GlobalSection(SolutionConfigurationPlatforms) = preSolution
		Debug|Any CPU = Debug|Any CPU
		Release|Any CPU = Release|Any CPU
	EndGlobalSection
	GlobalSection(ProjectConfigurationPlatforms) = postSolution
		{E3902FD0-9C19-486D-B422-610B51B06031}.Debug|Any CPU.ActiveCfg = Debug|Any CPU
		{E3902FD0-9C19-486D-B422-610B51B06031}.Debug|Any CPU.Build.0 = Debug|Any CPU
		{E3902FD0-9C19-486D-B422-610B51B06031}.Release|Any CPU.ActiveCfg = Release|Any CPU
		{E3902FD0-9C19-486D-B422-610B51B06031}.Release|Any CPU.Build.0 = Release|Any CPU
		{FF11611E-998B-4B04-974E-36FB101C1575}.Debug|Any CPU.ActiveCfg = Debug|Any CPU
		{FF11611E-998B-4B04-974E-36FB101C1575}.Debug|Any CPU.Build.0 = Debug|Any CPU
		{FF11611E-998B-4B04-974E-36FB101C1575}.Release|Any CPU.ActiveCfg = Release|Any CPU
		{FF11611E-998B-4B04-974E-36FB101C1575}.Release|Any CPU.Build.0 = Release|Any CPU
	EndGlobalSection
EndGlobal
